
Microsoft Visual Studio Solution File, Format Version 12.00
# Visual Studio 15
VisualStudioVersion = 15.0.28307.168
MinimumVisualStudioVersion = 10.0.40219.1
Project("{FAE04EC0-301F-11D3-BF4B-00C04F79EFBC}") = "ShellExplained.Android", "ShellExplained\ShellExplained.Android\ShellExplained.Android.csproj", "{0B16076A-87C3-44F2-BD21-B96B13079A3E}"
EndProject
Project("{FAE04EC0-301F-11D3-BF4B-00C04F79EFBC}") = "ShellExplained.iOS", "ShellExplained\ShellExplained.iOS\ShellExplained.iOS.csproj", "{0931D0A5-F56E-4B82-8729-A8FC08EC52A3}"
EndProject
Project("{FAE04EC0-301F-11D3-BF4B-00C04F79EFBC}") = "ShellExplained", "ShellExplained\ShellExplained\ShellExplained.csproj", "{CD2C0320-A09D-45D1-9583-381D542C33DE}"
EndProject
Global
	GlobalSection(SolutionConfigurationPlatforms) = preSolution
		Ad-Hoc|Any CPU = Ad-Hoc|Any CPU
		Ad-Hoc|iPhone = Ad-Hoc|iPhone
		Ad-Hoc|iPhoneSimulator = Ad-Hoc|iPhoneSimulator
		AppStore|Any CPU = AppStore|Any CPU
		AppStore|iPhone = AppStore|iPhone
		AppStore|iPhoneSimulator = AppStore|iPhoneSimulator
		Debug|Any CPU = Debug|Any CPU
		Debug|iPhone = Debug|iPhone
		Debug|iPhoneSimulator = Debug|iPhoneSimulator
		Release|Any CPU = Release|Any CPU
		Release|iPhone = Release|iPhone
		Release|iPhoneSimulator = Release|iPhoneSimulator
	EndGlobalSection
	GlobalSection(ProjectConfigurationPlatforms) = postSolution
		{0B16076A-87C3-44F2-BD21-B96B13079A3E}.Ad-Hoc|Any CPU.ActiveCfg = Release|Any CPU
		{0B16076A-87C3-44F2-BD21-B96B13079A3E}.Ad-Hoc|Any CPU.Build.0 = Release|Any CPU
		{0B16076A-87C3-44F2-BD21-B96B13079A3E}.Ad-Hoc|Any CPU.Deploy.0 = Release|Any CPU
		{0B16076A-87C3-44F2-BD21-B96B13079A3E}.Ad-Hoc|iPhone.ActiveCfg = Release|Any CPU
		{0B16076A-87C3-44F2-BD21-B96B13079A3E}.Ad-Hoc|iPhone.Build.0 = Release|Any CPU
		{0B16076A-87C3-44F2-BD21-B96B13079A3E}.Ad-Hoc|iPhone.Deploy.0 = Release|Any CPU
		{0B16076A-87C3-44F2-BD21-B96B13079A3E}.Ad-Hoc|iPhoneSimulator.ActiveCfg = Release|Any CPU
		{0B16076A-87C3-44F2-BD21-B96B13079A3E}.Ad-Hoc|iPhoneSimulator.Build.0 = Release|Any CPU
		{0B16076A-87C3-44F2-BD21-B96B13079A3E}.Ad-Hoc|iPhoneSimulator.Deploy.0 = Release|Any CPU
		{0B16076A-87C3-44F2-BD21-B96B13079A3E}.AppStore|Any CPU.ActiveCfg = Release|Any CPU
		{0B16076A-87C3-44F2-BD21-B96B13079A3E}.AppStore|Any CPU.Build.0 = Release|Any CPU
		{0B16076A-87C3-44F2-BD21-B96B13079A3E}.AppStore|Any CPU.Deploy.0 = Release|Any CPU
		{0B16076A-87C3-44F2-BD21-B96B13079A3E}.AppStore|iPhone.ActiveCfg = Release|Any CPU
		{0B16076A-87C3-44F2-BD21-B96B13079A3E}.AppStore|iPhone.Build.0 = Release|Any CPU
		{0B16076A-87C3-44F2-BD21-B96B13079A3E}.AppStore|iPhone.Deploy.0 = Release|Any CPU
		{0B16076A-87C3-44F2-BD21-B96B13079A3E}.AppStore|iPhoneSimulator.ActiveCfg = Release|Any CPU
		{0B16076A-87C3-44F2-BD21-B96B13079A3E}.AppStore|iPhoneSimulator.Build.0 = Release|Any CPU
		{0B16076A-87C3-44F2-BD21-B96B13079A3E}.AppStore|iPhoneSimulator.Deploy.0 = Release|Any CPU
		{0B16076A-87C3-44F2-BD21-B96B13079A3E}.Debug|Any CPU.ActiveCfg = Debug|Any CPU
		{0B16076A-87C3-44F2-BD21-B96B13079A3E}.Debug|Any CPU.Build.0 = Debug|Any CPU
		{0B16076A-87C3-44F2-BD21-B96B13079A3E}.Debug|Any CPU.Deploy.0 = Debug|Any CPU
		{0B16076A-87C3-44F2-BD21-B96B13079A3E}.Debug|iPhone.ActiveCfg = Debug|Any CPU
		{0B16076A-87C3-44F2-BD21-B96B13079A3E}.Debug|iPhone.Build.0 = Debug|Any CPU
		{0B16076A-87C3-44F2-BD21-B96B13079A3E}.Debug|iPhone.Deploy.0 = Debug|Any CPU
		{0B16076A-87C3-44F2-BD21-B96B13079A3E}.Debug|iPhoneSimulator.ActiveCfg = Debug|Any CPU
		{0B16076A-87C3-44F2-BD21-B96B13079A3E}.Debug|iPhoneSimulator.Build.0 = Debug|Any CPU
		{0B16076A-87C3-44F2-BD21-B96B13079A3E}.Debug|iPhoneSimulator.Deploy.0 = Debug|Any CPU
		{0B16076A-87C3-44F2-BD21-B96B13079A3E}.Release|Any CPU.ActiveCfg = Release|Any CPU
		{0B16076A-87C3-44F2-BD21-B96B13079A3E}.Release|Any CPU.Build.0 = Release|Any CPU
		{0B16076A-87C3-44F2-BD21-B96B13079A3E}.Release|Any CPU.Deploy.0 = Release|Any CPU
		{0B16076A-87C3-44F2-BD21-B96B13079A3E}.Release|iPhone.ActiveCfg = Release|Any CPU
		{0B16076A-87C3-44F2-BD21-B96B13079A3E}.Release|iPhone.Build.0 = Release|Any CPU
		{0B16076A-87C3-44F2-BD21-B96B13079A3E}.Release|iPhone.Deploy.0 = Release|Any CPU
		{0B16076A-87C3-44F2-BD21-B96B13079A3E}.Release|iPhoneSimulator.ActiveCfg = Release|Any CPU
		{0B16076A-87C3-44F2-BD21-B96B13079A3E}.Release|iPhoneSimulator.Build.0 = Release|Any CPU
		{0B16076A-87C3-44F2-BD21-B96B13079A3E}.Release|iPhoneSimulator.Deploy.0 = Release|Any CPU
		{0931D0A5-F56E-4B82-8729-A8FC08EC52A3}.Ad-Hoc|Any CPU.ActiveCfg = Ad-Hoc|iPhone
		{0931D0A5-F56E-4B82-8729-A8FC08EC52A3}.Ad-Hoc|Any CPU.Build.0 = Ad-Hoc|iPhone
		{0931D0A5-F56E-4B82-8729-A8FC08EC52A3}.Ad-Hoc|Any CPU.Deploy.0 = Ad-Hoc|iPhone
		{0931D0A5-F56E-4B82-8729-A8FC08EC52A3}.Ad-Hoc|iPhone.ActiveCfg = Ad-Hoc|iPhone
		{0931D0A5-F56E-4B82-8729-A8FC08EC52A3}.Ad-Hoc|iPhone.Build.0 = Ad-Hoc|iPhone
		{0931D0A5-F56E-4B82-8729-A8FC08EC52A3}.Ad-Hoc|iPhone.Deploy.0 = Ad-Hoc|iPhone
		{0931D0A5-F56E-4B82-8729-A8FC08EC52A3}.Ad-Hoc|iPhoneSimulator.ActiveCfg = Ad-Hoc|iPhoneSimulator
		{0931D0A5-F56E-4B82-8729-A8FC08EC52A3}.Ad-Hoc|iPhoneSimulator.Build.0 = Ad-Hoc|iPhoneSimulator
		{0931D0A5-F56E-4B82-8729-A8FC08EC52A3}.Ad-Hoc|iPhoneSimulator.Deploy.0 = Ad-Hoc|iPhoneSimulator
		{0931D0A5-F56E-4B82-8729-A8FC08EC52A3}.AppStore|Any CPU.ActiveCfg = AppStore|iPhone
		{0931D0A5-F56E-4B82-8729-A8FC08EC52A3}.AppStore|Any CPU.Build.0 = AppStore|iPhone
		{0931D0A5-F56E-4B82-8729-A8FC08EC52A3}.AppStore|Any CPU.Deploy.0 = AppStore|iPhone
		{0931D0A5-F56E-4B82-8729-A8FC08EC52A3}.AppStore|iPhone.ActiveCfg = AppStore|iPhone
		{0931D0A5-F56E-4B82-8729-A8FC08EC52A3}.AppStore|iPhone.Build.0 = AppStore|iPhone
		{0931D0A5-F56E-4B82-8729-A8FC08EC52A3}.AppStore|iPhone.Deploy.0 = AppStore|iPhone
		{0931D0A5-F56E-4B82-8729-A8FC08EC52A3}.AppStore|iPhoneSimulator.ActiveCfg = AppStore|iPhoneSimulator
		{0931D0A5-F56E-4B82-8729-A8FC08EC52A3}.AppStore|iPhoneSimulator.Build.0 = AppStore|iPhoneSimulator
		{0931D0A5-F56E-4B82-8729-A8FC08EC52A3}.AppStore|iPhoneSimulator.Deploy.0 = AppStore|iPhoneSimulator
		{0931D0A5-F56E-4B82-8729-A8FC08EC52A3}.Debug|Any CPU.ActiveCfg = Debug|iPhoneSimulator
		{0931D0A5-F56E-4B82-8729-A8FC08EC52A3}.Debug|Any CPU.Build.0 = Debug|iPhoneSimulator
		{0931D0A5-F56E-4B82-8729-A8FC08EC52A3}.Debug|Any CPU.Deploy.0 = Debug|iPhoneSimulator
		{0931D0A5-F56E-4B82-8729-A8FC08EC52A3}.Debug|iPhone.ActiveCfg = Debug|iPhone
		{0931D0A5-F56E-4B82-8729-A8FC08EC52A3}.Debug|iPhone.Build.0 = Debug|iPhone
		{0931D0A5-F56E-4B82-8729-A8FC08EC52A3}.Debug|iPhone.Deploy.0 = Debug|iPhone
		{0931D0A5-F56E-4B82-8729-A8FC08EC52A3}.Debug|iPhoneSimulator.ActiveCfg = Debug|iPhoneSimulator
		{0931D0A5-F56E-4B82-8729-A8FC08EC52A3}.Debug|iPhoneSimulator.Build.0 = Debug|iPhoneSimulator
		{0931D0A5-F56E-4B82-8729-A8FC08EC52A3}.Debug|iPhoneSimulator.Deploy.0 = Debug|iPhoneSimulator
		{0931D0A5-F56E-4B82-8729-A8FC08EC52A3}.Release|Any CPU.ActiveCfg = Release|iPhone
		{0931D0A5-F56E-4B82-8729-A8FC08EC52A3}.Release|Any CPU.Build.0 = Release|iPhone
		{0931D0A5-F56E-4B82-8729-A8FC08EC52A3}.Release|Any CPU.Deploy.0 = Release|iPhone
		{0931D0A5-F56E-4B82-8729-A8FC08EC52A3}.Release|iPhone.ActiveCfg = Release|iPhone
		{0931D0A5-F56E-4B82-8729-A8FC08EC52A3}.Release|iPhone.Build.0 = Release|iPhone
		{0931D0A5-F56E-4B82-8729-A8FC08EC52A3}.Release|iPhone.Deploy.0 = Release|iPhone
		{0931D0A5-F56E-4B82-8729-A8FC08EC52A3}.Release|iPhoneSimulator.ActiveCfg = Release|iPhoneSimulator
		{0931D0A5-F56E-4B82-8729-A8FC08EC52A3}.Release|iPhoneSimulator.Build.0 = Release|iPhoneSimulator
		{0931D0A5-F56E-4B82-8729-A8FC08EC52A3}.Release|iPhoneSimulator.Deploy.0 = Release|iPhoneSimulator
		{CD2C0320-A09D-45D1-9583-381D542C33DE}.Ad-Hoc|Any CPU.ActiveCfg = Debug|Any CPU
		{CD2C0320-A09D-45D1-9583-381D542C33DE}.Ad-Hoc|Any CPU.Build.0 = Debug|Any CPU
		{CD2C0320-A09D-45D1-9583-381D542C33DE}.Ad-Hoc|Any CPU.Deploy.0 = Debug|Any CPU
		{CD2C0320-A09D-45D1-9583-381D542C33DE}.Ad-Hoc|iPhone.ActiveCfg = Debug|Any CPU
		{CD2C0320-A09D-45D1-9583-381D542C33DE}.Ad-Hoc|iPhone.Build.0 = Debug|Any CPU
		{CD2C0320-A09D-45D1-9583-381D542C33DE}.Ad-Hoc|iPhone.Deploy.0 = Debug|Any CPU
		{CD2C0320-A09D-45D1-9583-381D542C33DE}.Ad-Hoc|iPhoneSimulator.ActiveCfg = Debug|Any CPU
		{CD2C0320-A09D-45D1-9583-381D542C33DE}.Ad-Hoc|iPhoneSimulator.Build.0 = Debug|Any CPU
		{CD2C0320-A09D-45D1-9583-381D542C33DE}.Ad-Hoc|iPhoneSimulator.Deploy.0 = Debug|Any CPU
		{CD2C0320-A09D-45D1-9583-381D542C33DE}.AppStore|Any CPU.ActiveCfg = Debug|Any CPU
		{CD2C0320-A09D-45D1-9583-381D542C33DE}.AppStore|Any CPU.Build.0 = Debug|Any CPU
		{CD2C0320-A09D-45D1-9583-381D542C33DE}.AppStore|Any CPU.Deploy.0 = Debug|Any CPU
		{CD2C0320-A09D-45D1-9583-381D542C33DE}.AppStore|iPhone.ActiveCfg = Debug|Any CPU
		{CD2C0320-A09D-45D1-9583-381D542C33DE}.AppStore|iPhone.Build.0 = Debug|Any CPU
		{CD2C0320-A09D-45D1-9583-381D542C33DE}.AppStore|iPhone.Deploy.0 = Debug|Any CPU
		{CD2C0320-A09D-45D1-9583-381D542C33DE}.AppStore|iPhoneSimulator.ActiveCfg = Debug|Any CPU
		{CD2C0320-A09D-45D1-9583-381D542C33DE}.AppStore|iPhoneSimulator.Build.0 = Debug|Any CPU
		{CD2C0320-A09D-45D1-9583-381D542C33DE}.AppStore|iPhoneSimulator.Deploy.0 = Debug|Any CPU
		{CD2C0320-A09D-45D1-9583-381D542C33DE}.Debug|Any CPU.ActiveCfg = Debug|Any CPU
		{CD2C0320-A09D-45D1-9583-381D542C33DE}.Debug|Any CPU.Build.0 = Debug|Any CPU
		{CD2C0320-A09D-45D1-9583-381D542C33DE}.Debug|Any CPU.Deploy.0 = Debug|Any CPU
		{CD2C0320-A09D-45D1-9583-381D542C33DE}.Debug|iPhone.ActiveCfg = Debug|Any CPU
		{CD2C0320-A09D-45D1-9583-381D542C33DE}.Debug|iPhone.Build.0 = Debug|Any CPU
		{CD2C0320-A09D-45D1-9583-381D542C33DE}.Debug|iPhone.Deploy.0 = Debug|Any CPU
		{CD2C0320-A09D-45D1-9583-381D542C33DE}.Debug|iPhoneSimulator.ActiveCfg = Debug|Any CPU
		{CD2C0320-A09D-45D1-9583-381D542C33DE}.Debug|iPhoneSimulator.Build.0 = Debug|Any CPU
		{CD2C0320-A09D-45D1-9583-381D542C33DE}.Debug|iPhoneSimulator.Deploy.0 = Debug|Any CPU
		{CD2C0320-A09D-45D1-9583-381D542C33DE}.Release|Any CPU.ActiveCfg = Release|Any CPU
		{CD2C0320-A09D-45D1-9583-381D542C33DE}.Release|Any CPU.Build.0 = Release|Any CPU
		{CD2C0320-A09D-45D1-9583-381D542C33DE}.Release|Any CPU.Deploy.0 = Release|Any CPU
		{CD2C0320-A09D-45D1-9583-381D542C33DE}.Release|iPhone.ActiveCfg = Release|Any CPU
		{CD2C0320-A09D-45D1-9583-381D542C33DE}.Release|iPhone.Build.0 = Release|Any CPU
		{CD2C0320-A09D-45D1-9583-381D542C33DE}.Release|iPhone.Deploy.0 = Release|Any CPU
		{CD2C0320-A09D-45D1-9583-381D542C33DE}.Release|iPhoneSimulator.ActiveCfg = Release|Any CPU
		{CD2C0320-A09D-45D1-9583-381D542C33DE}.Release|iPhoneSimulator.Build.0 = Release|Any CPU
		{CD2C0320-A09D-45D1-9583-381D542C33DE}.Release|iPhoneSimulator.Deploy.0 = Release|Any CPU
	EndGlobalSection
	GlobalSection(SolutionProperties) = preSolution
		HideSolutionNode = FALSE
	EndGlobalSection
	GlobalSection(ExtensibilityGlobals) = postSolution
		SolutionGuid = {31C609AB-03FA-42E0-994E-C4F740083390}
	EndGlobalSection
EndGlobal
